# THIS IS AN AUTOGENERATED FILE. DO NOT EDIT THIS FILE DIRECTLY.
# yarn lockfile v1


bootstrap@^5.0.1:
  version "5.1.0"
  resolved "https://registry.yarnpkg.com/bootstrap/-/bootstrap-5.1.0.tgz#543ef8f44f4b9af67b0230f19508542fec38ef55"
  integrity sha512-bs74WNI9BgBo3cEovmdMHikSKoXnDgA6VQjJ7TyTotU6L7d41ZyCEEelPwkYEzsG/Zjv3ie9IE3EMAje0W9Xew==
